
Microsoft Visual Studio Solution File, Format Version 12.00
# Visual Studio Version 17
VisualStudioVersion = 17.0.31903.59
MinimumVisualStudioVersion = 10.0.40219.1
Project("{9A19103F-16F7-4668-BE54-9A1E7A4F7556}") = "WebApi", "WebApi\WebApi.csproj", "{BDB520D0-86CC-4A41-A195-9D57E175189E}"
EndProject
Project("{9A19103F-16F7-4668-BE54-9A1E7A4F7556}") = "Todo", "Todo\Todo.csproj", "{C50D6567-6E05-4806-A47C-96E661BE5190}"
EndProject
Project("{9A19103F-16F7-4668-BE54-9A1E7A4F7556}") = "Framework", "Framework\Framework.csproj", "{0559844D-A131-4E71-8817-60BC8A94DF13}"
EndProject
Project("{9A19103F-16F7-4668-BE54-9A1E7A4F7556}") = "Framework.Test", "Framework.Test\Framework.Test.csproj", "{08507DEE-0A58-41B2-8EC5-C529593C7963}"
EndProject
Project("{9A19103F-16F7-4668-BE54-9A1E7A4F7556}") = "Todo.Test", "Todo.Test\Todo.Test.csproj", "{26357BE1-0E17-48F3-A03C-549A4188BED4}"
EndProject
Project("{FAE04EC0-301F-11D3-BF4B-00C04F79EFBC}") = "WebApi.Test", "WebApi.Test\WebApi.Test.csproj", "{0C958D46-7204-42FF-A431-C7BCB0D631AA}"
EndProject
Global
	GlobalSection(SolutionConfigurationPlatforms) = preSolution
		Debug|Any CPU = Debug|Any CPU
		Release|Any CPU = Release|Any CPU
	EndGlobalSection
	GlobalSection(ProjectConfigurationPlatforms) = postSolution
		{BDB520D0-86CC-4A41-A195-9D57E175189E}.Debug|Any CPU.ActiveCfg = Debug|Any CPU
		{BDB520D0-86CC-4A41-A195-9D57E175189E}.Debug|Any CPU.Build.0 = Debug|Any CPU
		{BDB520D0-86CC-4A41-A195-9D57E175189E}.Release|Any CPU.ActiveCfg = Release|Any CPU
		{BDB520D0-86CC-4A41-A195-9D57E175189E}.Release|Any CPU.Build.0 = Release|Any CPU
		{C50D6567-6E05-4806-A47C-96E661BE5190}.Debug|Any CPU.ActiveCfg = Debug|Any CPU
		{C50D6567-6E05-4806-A47C-96E661BE5190}.Debug|Any CPU.Build.0 = Debug|Any CPU
		{C50D6567-6E05-4806-A47C-96E661BE5190}.Release|Any CPU.ActiveCfg = Release|Any CPU
		{C50D6567-6E05-4806-A47C-96E661BE5190}.Release|Any CPU.Build.0 = Release|Any CPU
		{0559844D-A131-4E71-8817-60BC8A94DF13}.Debug|Any CPU.ActiveCfg = Debug|Any CPU
		{0559844D-A131-4E71-8817-60BC8A94DF13}.Debug|Any CPU.Build.0 = Debug|Any CPU
		{0559844D-A131-4E71-8817-60BC8A94DF13}.Release|Any CPU.ActiveCfg = Release|Any CPU
		{0559844D-A131-4E71-8817-60BC8A94DF13}.Release|Any CPU.Build.0 = Release|Any CPU
		{08507DEE-0A58-41B2-8EC5-C529593C7963}.Debug|Any CPU.ActiveCfg = Debug|Any CPU
		{08507DEE-0A58-41B2-8EC5-C529593C7963}.Debug|Any CPU.Build.0 = Debug|Any CPU
		{08507DEE-0A58-41B2-8EC5-C529593C7963}.Release|Any CPU.ActiveCfg = Release|Any CPU
		{08507DEE-0A58-41B2-8EC5-C529593C7963}.Release|Any CPU.Build.0 = Release|Any CPU
		{26357BE1-0E17-48F3-A03C-549A4188BED4}.Debug|Any CPU.ActiveCfg = Debug|Any CPU
		{26357BE1-0E17-48F3-A03C-549A4188BED4}.Debug|Any CPU.Build.0 = Debug|Any CPU
		{26357BE1-0E17-48F3-A03C-549A4188BED4}.Release|Any CPU.ActiveCfg = Release|Any CPU
		{26357BE1-0E17-48F3-A03C-549A4188BED4}.Release|Any CPU.Build.0 = Release|Any CPU
		{0C958D46-7204-42FF-A431-C7BCB0D631AA}.Debug|Any CPU.ActiveCfg = Debug|Any CPU
		{0C958D46-7204-42FF-A431-C7BCB0D631AA}.Debug|Any CPU.Build.0 = Debug|Any CPU
		{0C958D46-7204-42FF-A431-C7BCB0D631AA}.Release|Any CPU.ActiveCfg = Release|Any CPU
		{0C958D46-7204-42FF-A431-C7BCB0D631AA}.Release|Any CPU.Build.0 = Release|Any CPU
	EndGlobalSection
	GlobalSection(SolutionProperties) = preSolution
		HideSolutionNode = FALSE
	EndGlobalSection
	GlobalSection(ExtensibilityGlobals) = postSolution
		SolutionGuid = {CC34D389-E9B1-41C5-BB23-92A7F73EA2EC}
	EndGlobalSection
EndGlobal
